# This file is autogenerated, do not edit; changes may be undone by the next 'dep ensure'.

memo = "86b34379f8460987ff7eb15b4bd7389920ca62edef51d1eb42af9ecf576b1b60"

[[projects]]
  branch = "master"
  name = "github.com/hashicorp/hcl"
  packages = [".","hcl/ast","hcl/parser","hcl/scanner","hcl/strconv","hcl/token","json/parser","json/scanner","json/token"]
  revision = "392dba7d905ed5d04a5794ba89f558b27e2ba1ca"
